// !$*UTF8*$!
{
	archiveVersion = 1;
	classes = {
	};
	objectVersion = 50;
	objects = {

/* Begin PBXBuildFile section */
		5D51D6A1242080DD004E8020 /* Cube.cpp in Sources */ = {isa = PBXBuildFile; fileRef = 5D51D69F242080DD004E8020 /* Cube.cpp */; };
		5D51D6A42420ACDB004E8020 /* Cube.cpp in Sources */ = {isa = PBXBuildFile; fileRef = 5D51D6A22420ACDB004E8020 /* Cube.cpp */; };
		D222A7BE23E91312000E1075 /* main.cpp in Sources */ = {isa = PBXBuildFile; fileRef = D222A7BD23E91312000E1075 /* main.cpp */; };
		D222A7C623E91339000E1075 /* OpenGL.framework in Frameworks */ = {isa = PBXBuildFile; fileRef = D222A7C523E91339000E1075 /* OpenGL.framework */; };
		D222A7C823E91363000E1075 /* libglfw.3.3.dylib in Frameworks */ = {isa = PBXBuildFile; fileRef = D222A7C723E91363000E1075 /* libglfw.3.3.dylib */; };
		D222A7DB23E9142D000E1075 /* PointCloud.cpp in Sources */ = {isa = PBXBuildFile; fileRef = D222A7CB23E9142D000E1075 /* PointCloud.cpp */; };
		D222A7DC23E9142D000E1075 /* shader.cpp in Sources */ = {isa = PBXBuildFile; fileRef = D222A7D423E9142D000E1075 /* shader.cpp */; };
		D245A9442403E15800694F90 /* shader.vert in CopyFiles */ = {isa = PBXBuildFile; fileRef = D222A7CF23E9142D000E1075 /* shader.vert */; };
		D245A9452403E15800694F90 /* shader.frag in CopyFiles */ = {isa = PBXBuildFile; fileRef = D222A7D023E9142D000E1075 /* shader.frag */; };
		D245A9842404BA4F00694F90 /* CubeMap.cpp in Sources */ = {isa = PBXBuildFile; fileRef = D245A9822404BA4F00694F90 /* CubeMap.cpp */; };
		D245A9B02405344900694F90 /* skybox.vert in CopyFiles */ = {isa = PBXBuildFile; fileRef = D245A9AE24052E3C00694F90 /* skybox.vert */; };
		D245A9B12405344900694F90 /* skybox.frag in CopyFiles */ = {isa = PBXBuildFile; fileRef = D245A9AF24052E5000694F90 /* skybox.frag */; };
		D27B700A242071D800F20760 /* terrain.frag in CopyFiles */ = {isa = PBXBuildFile; fileRef = D27B70082420709D00F20760 /* terrain.frag */; };
		D29BCB1F2409A337002C3A94 /* line.frag in CopyFiles */ = {isa = PBXBuildFile; fileRef = D29BCB1D2409A1AE002C3A94 /* line.frag */; };
		D29BCB202409A337002C3A94 /* line.vert in CopyFiles */ = {isa = PBXBuildFile; fileRef = D29BCB1E2409A1C4002C3A94 /* line.vert */; };
		D2D457C024171E5E008ED186 /* Window.cpp in Sources */ = {isa = PBXBuildFile; fileRef = D222A7D823E9142D000E1075 /* Window.cpp */; };
		D2D457CE241722B3008ED186 /* stb_image_aug.c in Sources */ = {isa = PBXBuildFile; fileRef = D2D457C4241722B3008ED186 /* stb_image_aug.c */; };
		D2D457CF241722B3008ED186 /* SOIL.c in Sources */ = {isa = PBXBuildFile; fileRef = D2D457C8241722B3008ED186 /* SOIL.c */; };
		D2D457D0241722B3008ED186 /* image_DXT.c in Sources */ = {isa = PBXBuildFile; fileRef = D2D457C9241722B3008ED186 /* image_DXT.c */; };
		D2D457D1241722B3008ED186 /* image_helper.c in Sources */ = {isa = PBXBuildFile; fileRef = D2D457CD241722B3008ED186 /* image_helper.c */; };
		D2D457F72417241E008ED186 /* Robot.cpp in Sources */ = {isa = PBXBuildFile; fileRef = D2D457EE2417241D008ED186 /* Robot.cpp */; };
		D2D457F82417241E008ED186 /* RobotArmy.cpp in Sources */ = {isa = PBXBuildFile; fileRef = D2D457EF2417241D008ED186 /* RobotArmy.cpp */; };
		D2D457F92417241E008ED186 /* Transform.cpp in Sources */ = {isa = PBXBuildFile; fileRef = D2D457F42417241E008ED186 /* Transform.cpp */; };
		D2D457FA2417241E008ED186 /* Node.cpp in Sources */ = {isa = PBXBuildFile; fileRef = D2D457F52417241E008ED186 /* Node.cpp */; };
		D2D457FB2417241E008ED186 /* Geometry.cpp in Sources */ = {isa = PBXBuildFile; fileRef = D2D457F62417241E008ED186 /* Geometry.cpp */; };
		D2D4580C24173A71008ED186 /* Terrain.cpp in Sources */ = {isa = PBXBuildFile; fileRef = D2D4580A24173A71008ED186 /* Terrain.cpp */; };
/* End PBXBuildFile section */

/* Begin PBXCopyFilesBuildPhase section */
		D222A7B823E91312000E1075 /* CopyFiles */ = {
			isa = PBXCopyFilesBuildPhase;
			buildActionMask = 12;
			dstPath = shaders;
			dstSubfolderSpec = 16;
			files = (
				D27B700A242071D800F20760 /* terrain.frag in CopyFiles */,
				D29BCB1F2409A337002C3A94 /* line.frag in CopyFiles */,
				D29BCB202409A337002C3A94 /* line.vert in CopyFiles */,
				D245A9B02405344900694F90 /* skybox.vert in CopyFiles */,
				D245A9B12405344900694F90 /* skybox.frag in CopyFiles */,
				D245A9442403E15800694F90 /* shader.vert in CopyFiles */,
				D245A9452403E15800694F90 /* shader.frag in CopyFiles */,
			);
			runOnlyForDeploymentPostprocessing = 0;
		};
/* End PBXCopyFilesBuildPhase section */

/* Begin PBXFileReference section */
		5D51D69F242080DD004E8020 /* Cube.cpp */ = {isa = PBXFileReference; fileEncoding = 4; lastKnownFileType = sourcecode.cpp.cpp; name = Cube.cpp; path = ../../HW0/Cube.cpp; sourceTree = "<group>"; };
		5D51D6A0242080DD004E8020 /* Cube.h */ = {isa = PBXFileReference; fileEncoding = 4; lastKnownFileType = sourcecode.c.h; name = Cube.h; path = ../../HW0/Cube.h; sourceTree = "<group>"; };
		5D51D6A22420ACDB004E8020 /* Cube.cpp */ = {isa = PBXFileReference; fileEncoding = 4; lastKnownFileType = sourcecode.cpp.cpp; path = Cube.cpp; sourceTree = "<group>"; };
		5D51D6A32420ACDB004E8020 /* Cube.h */ = {isa = PBXFileReference; fileEncoding = 4; lastKnownFileType = sourcecode.c.h; path = Cube.h; sourceTree = "<group>"; };
		D222A7BA23E91312000E1075 /* HW3 */ = {isa = PBXFileReference; explicitFileType = "compiled.mach-o.executable"; includeInIndex = 0; path = HW3; sourceTree = BUILT_PRODUCTS_DIR; };
		D222A7BD23E91312000E1075 /* main.cpp */ = {isa = PBXFileReference; lastKnownFileType = sourcecode.cpp.cpp; name = main.cpp; path = 167Project/main.cpp; sourceTree = SOURCE_ROOT; };
		D222A7C523E91339000E1075 /* OpenGL.framework */ = {isa = PBXFileReference; lastKnownFileType = wrapper.framework; name = OpenGL.framework; path = System/Library/Frameworks/OpenGL.framework; sourceTree = SDKROOT; };
		D222A7C723E91363000E1075 /* libglfw.3.3.dylib */ = {isa = PBXFileReference; lastKnownFileType = "compiled.mach-o.dylib"; name = libglfw.3.3.dylib; path = ../../../../../usr/local/Cellar/glfw/3.3.1/lib/libglfw.3.3.dylib; sourceTree = "<group>"; };
		D222A7C923E9142D000E1075 /* Window.h */ = {isa = PBXFileReference; fileEncoding = 4; lastKnownFileType = sourcecode.c.h; path = Window.h; sourceTree = "<group>"; };
		D222A7CB23E9142D000E1075 /* PointCloud.cpp */ = {isa = PBXFileReference; fileEncoding = 4; lastKnownFileType = sourcecode.cpp.cpp; path = PointCloud.cpp; sourceTree = "<group>"; };
		D222A7CC23E9142D000E1075 /* PointCloud.h */ = {isa = PBXFileReference; fileEncoding = 4; lastKnownFileType = sourcecode.c.h; path = PointCloud.h; sourceTree = "<group>"; };
		D222A7CF23E9142D000E1075 /* shader.vert */ = {isa = PBXFileReference; fileEncoding = 4; lastKnownFileType = sourcecode.glsl; path = shader.vert; sourceTree = "<group>"; };
		D222A7D023E9142D000E1075 /* shader.frag */ = {isa = PBXFileReference; fileEncoding = 4; lastKnownFileType = sourcecode.glsl; path = shader.frag; sourceTree = "<group>"; };
		D222A7D323E9142D000E1075 /* shader.h */ = {isa = PBXFileReference; fileEncoding = 4; lastKnownFileType = sourcecode.c.h; path = shader.h; sourceTree = "<group>"; };
		D222A7D423E9142D000E1075 /* shader.cpp */ = {isa = PBXFileReference; fileEncoding = 4; lastKnownFileType = sourcecode.cpp.cpp; path = shader.cpp; sourceTree = "<group>"; };
		D222A7D623E9142D000E1075 /* Object.h */ = {isa = PBXFileReference; fileEncoding = 4; lastKnownFileType = sourcecode.c.h; path = Object.h; sourceTree = "<group>"; };
		D222A7D823E9142D000E1075 /* Window.cpp */ = {isa = PBXFileReference; fileEncoding = 4; lastKnownFileType = sourcecode.cpp.cpp; path = Window.cpp; sourceTree = "<group>"; };
		D222A7D923E9142D000E1075 /* main.h */ = {isa = PBXFileReference; fileEncoding = 4; lastKnownFileType = sourcecode.c.h; path = main.h; sourceTree = "<group>"; };
		D222A7DF23E914A5000E1075 /* dragon.obj */ = {isa = PBXFileReference; fileEncoding = 4; lastKnownFileType = text; path = dragon.obj; sourceTree = "<group>"; };
		D245A9822404BA4F00694F90 /* CubeMap.cpp */ = {isa = PBXFileReference; lastKnownFileType = sourcecode.cpp.cpp; path = CubeMap.cpp; sourceTree = "<group>"; };
		D245A9832404BA4F00694F90 /* CubeMap.hpp */ = {isa = PBXFileReference; lastKnownFileType = sourcecode.cpp.h; path = CubeMap.hpp; sourceTree = "<group>"; };
		D245A9AE24052E3C00694F90 /* skybox.vert */ = {isa = PBXFileReference; lastKnownFileType = sourcecode.glsl; path = skybox.vert; sourceTree = "<group>"; };
		D245A9AF24052E5000694F90 /* skybox.frag */ = {isa = PBXFileReference; lastKnownFileType = sourcecode.glsl; path = skybox.frag; sourceTree = "<group>"; };
		D27B70082420709D00F20760 /* terrain.frag */ = {isa = PBXFileReference; lastKnownFileType = sourcecode.glsl; path = terrain.frag; sourceTree = "<group>"; };
		D27B700B242072FD00F20760 /* terrain.vert */ = {isa = PBXFileReference; lastKnownFileType = sourcecode.glsl; path = terrain.vert; sourceTree = "<group>"; };
		D27B70122420915E00F20760 /* terrain.jpg */ = {isa = PBXFileReference; lastKnownFileType = image.jpeg; path = terrain.jpg; sourceTree = "<group>"; };
		D27B70132420A64400F20760 /* terrain.png */ = {isa = PBXFileReference; lastKnownFileType = image.png; path = terrain.png; sourceTree = "<group>"; };
		D27B70142420A74E00F20760 /* terrain2.png */ = {isa = PBXFileReference; lastKnownFileType = image.png; path = terrain2.png; sourceTree = "<group>"; };
		D29BCB1D2409A1AE002C3A94 /* line.frag */ = {isa = PBXFileReference; lastKnownFileType = sourcecode.glsl; path = line.frag; sourceTree = "<group>"; };
		D29BCB1E2409A1C4002C3A94 /* line.vert */ = {isa = PBXFileReference; lastKnownFileType = sourcecode.glsl; path = line.vert; sourceTree = "<group>"; };
		D2D457C4241722B3008ED186 /* stb_image_aug.c */ = {isa = PBXFileReference; fileEncoding = 4; lastKnownFileType = sourcecode.c.c; name = stb_image_aug.c; path = 167Project/stb_image_aug.c; sourceTree = SOURCE_ROOT; };
		D2D457C5241722B3008ED186 /* stb_image_aug.h */ = {isa = PBXFileReference; fileEncoding = 4; lastKnownFileType = sourcecode.c.h; name = stb_image_aug.h; path = 167Project/stb_image_aug.h; sourceTree = SOURCE_ROOT; };
		D2D457C6241722B3008ED186 /* image_DXT.h */ = {isa = PBXFileReference; fileEncoding = 4; lastKnownFileType = sourcecode.c.h; name = image_DXT.h; path = 167Project/image_DXT.h; sourceTree = SOURCE_ROOT; };
		D2D457C7241722B3008ED186 /* stbi_DDS_aug.h */ = {isa = PBXFileReference; fileEncoding = 4; lastKnownFileType = sourcecode.c.h; name = stbi_DDS_aug.h; path = 167Project/stbi_DDS_aug.h; sourceTree = SOURCE_ROOT; };
		D2D457C8241722B3008ED186 /* SOIL.c */ = {isa = PBXFileReference; fileEncoding = 4; lastKnownFileType = sourcecode.c.c; name = SOIL.c; path = 167Project/SOIL.c; sourceTree = SOURCE_ROOT; };
		D2D457C9241722B3008ED186 /* image_DXT.c */ = {isa = PBXFileReference; fileEncoding = 4; lastKnownFileType = sourcecode.c.c; name = image_DXT.c; path = 167Project/image_DXT.c; sourceTree = SOURCE_ROOT; };
		D2D457CA241722B3008ED186 /* stbi_DDS_aug_c.h */ = {isa = PBXFileReference; fileEncoding = 4; lastKnownFileType = sourcecode.c.h; name = stbi_DDS_aug_c.h; path = 167Project/stbi_DDS_aug_c.h; sourceTree = SOURCE_ROOT; };
		D2D457CB241722B3008ED186 /* image_helper.h */ = {isa = PBXFileReference; fileEncoding = 4; lastKnownFileType = sourcecode.c.h; name = image_helper.h; path = 167Project/image_helper.h; sourceTree = SOURCE_ROOT; };
		D2D457CC241722B3008ED186 /* SOIL.h */ = {isa = PBXFileReference; fileEncoding = 4; lastKnownFileType = sourcecode.c.h; name = SOIL.h; path = 167Project/SOIL.h; sourceTree = SOURCE_ROOT; };
		D2D457CD241722B3008ED186 /* image_helper.c */ = {isa = PBXFileReference; fileEncoding = 4; lastKnownFileType = sourcecode.c.c; name = image_helper.c; path = 167Project/image_helper.c; sourceTree = SOURCE_ROOT; };
		D2D457E1241723DC008ED186 /* right.ppm */ = {isa = PBXFileReference; lastKnownFileType = text; name = right.ppm; path = 167Project/right.ppm; sourceTree = SOURCE_ROOT; };
		D2D457E4241723DC008ED186 /* back.ppm */ = {isa = PBXFileReference; lastKnownFileType = text; name = back.ppm; path = 167Project/back.ppm; sourceTree = SOURCE_ROOT; };
		D2D457E6241723DC008ED186 /* top.ppm */ = {isa = PBXFileReference; lastKnownFileType = text; name = top.ppm; path = 167Project/top.ppm; sourceTree = SOURCE_ROOT; };
		D2D457E8241723DC008ED186 /* left.ppm */ = {isa = PBXFileReference; lastKnownFileType = text; name = left.ppm; path = 167Project/left.ppm; sourceTree = SOURCE_ROOT; };
		D2D457E9241723DC008ED186 /* front.ppm */ = {isa = PBXFileReference; lastKnownFileType = text; name = front.ppm; path = 167Project/front.ppm; sourceTree = SOURCE_ROOT; };
		D2D457EA241723DC008ED186 /* front.jpg */ = {isa = PBXFileReference; lastKnownFileType = image.jpeg; name = front.jpg; path = 167Project/front.jpg; sourceTree = SOURCE_ROOT; };
		D2D457EB241723DC008ED186 /* base.ppm */ = {isa = PBXFileReference; lastKnownFileType = text; name = base.ppm; path = 167Project/base.ppm; sourceTree = SOURCE_ROOT; };
		D2D457ED2417241D008ED186 /* Node.hpp */ = {isa = PBXFileReference; fileEncoding = 4; lastKnownFileType = sourcecode.cpp.h; name = Node.hpp; path = 167Project/Node.hpp; sourceTree = SOURCE_ROOT; };
		D2D457EE2417241D008ED186 /* Robot.cpp */ = {isa = PBXFileReference; fileEncoding = 4; lastKnownFileType = sourcecode.cpp.cpp; name = Robot.cpp; path = 167Project/Robot.cpp; sourceTree = SOURCE_ROOT; };
		D2D457EF2417241D008ED186 /* RobotArmy.cpp */ = {isa = PBXFileReference; fileEncoding = 4; lastKnownFileType = sourcecode.cpp.cpp; name = RobotArmy.cpp; path = 167Project/RobotArmy.cpp; sourceTree = SOURCE_ROOT; };
		D2D457F02417241D008ED186 /* Transform.hpp */ = {isa = PBXFileReference; fileEncoding = 4; lastKnownFileType = sourcecode.cpp.h; name = Transform.hpp; path = 167Project/Transform.hpp; sourceTree = SOURCE_ROOT; };
		D2D457F12417241E008ED186 /* RobotArmy.hpp */ = {isa = PBXFileReference; fileEncoding = 4; lastKnownFileType = sourcecode.cpp.h; name = RobotArmy.hpp; path = 167Project/RobotArmy.hpp; sourceTree = SOURCE_ROOT; };
		D2D457F22417241E008ED186 /* Geometry.hpp */ = {isa = PBXFileReference; fileEncoding = 4; lastKnownFileType = sourcecode.cpp.h; name = Geometry.hpp; path = 167Project/Geometry.hpp; sourceTree = SOURCE_ROOT; };
		D2D457F32417241E008ED186 /* Robot.hpp */ = {isa = PBXFileReference; fileEncoding = 4; lastKnownFileType = sourcecode.cpp.h; name = Robot.hpp; path = 167Project/Robot.hpp; sourceTree = SOURCE_ROOT; };
		D2D457F42417241E008ED186 /* Transform.cpp */ = {isa = PBXFileReference; fileEncoding = 4; lastKnownFileType = sourcecode.cpp.cpp; name = Transform.cpp; path = 167Project/Transform.cpp; sourceTree = SOURCE_ROOT; };
		D2D457F52417241E008ED186 /* Node.cpp */ = {isa = PBXFileReference; fileEncoding = 4; lastKnownFileType = sourcecode.cpp.cpp; name = Node.cpp; path = 167Project/Node.cpp; sourceTree = SOURCE_ROOT; };
		D2D457F62417241E008ED186 /* Geometry.cpp */ = {isa = PBXFileReference; fileEncoding = 4; lastKnownFileType = sourcecode.cpp.cpp; name = Geometry.cpp; path = 167Project/Geometry.cpp; sourceTree = SOURCE_ROOT; };
		D2D457FC24173423008ED186 /* sphere.obj */ = {isa = PBXFileReference; fileEncoding = 4; lastKnownFileType = text; path = sphere.obj; sourceTree = "<group>"; };
		D2D4580A24173A71008ED186 /* Terrain.cpp */ = {isa = PBXFileReference; lastKnownFileType = sourcecode.cpp.cpp; path = Terrain.cpp; sourceTree = "<group>"; };
		D2D4580B24173A71008ED186 /* Terrain.hpp */ = {isa = PBXFileReference; lastKnownFileType = sourcecode.cpp.h; path = Terrain.hpp; sourceTree = "<group>"; };
/* End PBXFileReference section */

/* Begin PBXFrameworksBuildPhase section */
		D222A7B723E91312000E1075 /* Frameworks */ = {
			isa = PBXFrameworksBuildPhase;
			buildActionMask = 2147483647;
			files = (
				D222A7C823E91363000E1075 /* libglfw.3.3.dylib in Frameworks */,
				D222A7C623E91339000E1075 /* OpenGL.framework in Frameworks */,
			);
			runOnlyForDeploymentPostprocessing = 0;
		};
/* End PBXFrameworksBuildPhase section */

/* Begin PBXGroup section */
		D222A7B123E91312000E1075 = {
			isa = PBXGroup;
			children = (
				D222A7BC23E91312000E1075 /* 167Project */,
				D222A7BB23E91312000E1075 /* Products */,
				D222A7C423E91339000E1075 /* Frameworks */,
			);
			sourceTree = "<group>";
		};
		D222A7BB23E91312000E1075 /* Products */ = {
			isa = PBXGroup;
			children = (
				D222A7BA23E91312000E1075 /* HW3 */,
			);
			name = Products;
			sourceTree = "<group>";
		};
		D222A7BC23E91312000E1075 /* 167Project */ = {
			isa = PBXGroup;
			children = (
				5D51D69F242080DD004E8020 /* Cube.cpp */,
				5D51D6A0242080DD004E8020 /* Cube.h */,
				5D51D6A22420ACDB004E8020 /* Cube.cpp */,
				5D51D6A32420ACDB004E8020 /* Cube.h */,
				D222A7D823E9142D000E1075 /* Window.cpp */,
				D2D4580A24173A71008ED186 /* Terrain.cpp */,
				D2D4580B24173A71008ED186 /* Terrain.hpp */,
				D222A7C923E9142D000E1075 /* Window.h */,
				D222A7CB23E9142D000E1075 /* PointCloud.cpp */,
				D222A7CC23E9142D000E1075 /* PointCloud.h */,
				D2D457FC24173423008ED186 /* sphere.obj */,
				D245A9822404BA4F00694F90 /* CubeMap.cpp */,
				D245A9832404BA4F00694F90 /* CubeMap.hpp */,
				D27B70142420A74E00F20760 /* terrain2.png */,
				D222A7D923E9142D000E1075 /* main.h */,
				D222A7D623E9142D000E1075 /* Object.h */,
				D222A7D423E9142D000E1075 /* shader.cpp */,
				D222A7D323E9142D000E1075 /* shader.h */,
				D222A7BD23E91312000E1075 /* main.cpp */,
				D222A7DF23E914A5000E1075 /* dragon.obj */,
				D2D457E4241723DC008ED186 /* back.ppm */,
				D2D457EB241723DC008ED186 /* base.ppm */,
				D2D457EA241723DC008ED186 /* front.jpg */,
				D2D457E9241723DC008ED186 /* front.ppm */,
				D27B70132420A64400F20760 /* terrain.png */,
				D27B70122420915E00F20760 /* terrain.jpg */,
				D2D457E8241723DC008ED186 /* left.ppm */,
				D2D457E1241723DC008ED186 /* right.ppm */,
				D2D457E6241723DC008ED186 /* top.ppm */,
				D2D457E02417239D008ED186 /* scene graph */,
				D2D457DF2417236B008ED186 /* cubemap image */,
				D2D457C3241721BF008ED186 /* SOIL */,
				D222A7CD23E9142D000E1075 /* shaders */,
			);
			path = 167Project;
			sourceTree = "<group>";
		};
		D222A7C423E91339000E1075 /* Frameworks */ = {
			isa = PBXGroup;
			children = (
				D222A7C723E91363000E1075 /* libglfw.3.3.dylib */,
				D222A7C523E91339000E1075 /* OpenGL.framework */,
			);
			name = Frameworks;
			sourceTree = "<group>";
		};
		D222A7CD23E9142D000E1075 /* shaders */ = {
			isa = PBXGroup;
			children = (
				D27B700B242072FD00F20760 /* terrain.vert */,
				D245A9AE24052E3C00694F90 /* skybox.vert */,
				D27B70082420709D00F20760 /* terrain.frag */,
				D245A9AF24052E5000694F90 /* skybox.frag */,
				D29BCB1D2409A1AE002C3A94 /* line.frag */,
				D29BCB1E2409A1C4002C3A94 /* line.vert */,
				D222A7CF23E9142D000E1075 /* shader.vert */,
				D222A7D023E9142D000E1075 /* shader.frag */,
			);
			path = shaders;
			sourceTree = "<group>";
		};
		D2D457C3241721BF008ED186 /* SOIL */ = {
			isa = PBXGroup;
			children = (
				D2D457C9241722B3008ED186 /* image_DXT.c */,
				D2D457C6241722B3008ED186 /* image_DXT.h */,
				D2D457CD241722B3008ED186 /* image_helper.c */,
				D2D457CB241722B3008ED186 /* image_helper.h */,
				D2D457C8241722B3008ED186 /* SOIL.c */,
				D2D457CC241722B3008ED186 /* SOIL.h */,
				D2D457C4241722B3008ED186 /* stb_image_aug.c */,
				D2D457C5241722B3008ED186 /* stb_image_aug.h */,
				D2D457CA241722B3008ED186 /* stbi_DDS_aug_c.h */,
				D2D457C7241722B3008ED186 /* stbi_DDS_aug.h */,
			);
			path = SOIL;
			sourceTree = "<group>";
		};
		D2D457DF2417236B008ED186 /* cubemap image */ = {
			isa = PBXGroup;
			children = (
			);
			name = "cubemap image";
			path = "167Project/cubemap image";
			sourceTree = SOURCE_ROOT;
		};
		D2D457E02417239D008ED186 /* scene graph */ = {
			isa = PBXGroup;
			children = (
				D2D457F62417241E008ED186 /* Geometry.cpp */,
				D2D457F22417241E008ED186 /* Geometry.hpp */,
				D2D457F52417241E008ED186 /* Node.cpp */,
				D2D457ED2417241D008ED186 /* Node.hpp */,
				D2D457EE2417241D008ED186 /* Robot.cpp */,
				D2D457F32417241E008ED186 /* Robot.hpp */,
				D2D457EF2417241D008ED186 /* RobotArmy.cpp */,
				D2D457F12417241E008ED186 /* RobotArmy.hpp */,
				D2D457F42417241E008ED186 /* Transform.cpp */,
				D2D457F02417241D008ED186 /* Transform.hpp */,
			);
			path = "scene graph";
			sourceTree = "<group>";
		};
/* End PBXGroup section */

/* Begin PBXNativeTarget section */
		D222A7B923E91312000E1075 /* HW3 */ = {
			isa = PBXNativeTarget;
			buildConfigurationList = D222A7C123E91312000E1075 /* Build configuration list for PBXNativeTarget "HW3" */;
			buildPhases = (
				D222A7B623E91312000E1075 /* Sources */,
				D222A7B723E91312000E1075 /* Frameworks */,
				D222A7B823E91312000E1075 /* CopyFiles */,
			);
			buildRules = (
			);
			dependencies = (
			);
			name = HW3;
			productName = HW2;
			productReference = D222A7BA23E91312000E1075 /* HW3 */;
			productType = "com.apple.product-type.tool";
		};
/* End PBXNativeTarget section */

/* Begin PBXProject section */
		D222A7B223E91312000E1075 /* Project object */ = {
			isa = PBXProject;
			attributes = {
				LastUpgradeCheck = 1130;
				ORGANIZATIONNAME = HyunChoi;
				TargetAttributes = {
					D222A7B923E91312000E1075 = {
						CreatedOnToolsVersion = 11.3;
					};
				};
			};
			buildConfigurationList = D222A7B523E91312000E1075 /* Build configuration list for PBXProject "167Project" */;
			compatibilityVersion = "Xcode 9.3";
			developmentRegion = en;
			hasScannedForEncodings = 0;
			knownRegions = (
				en,
				Base,
			);
			mainGroup = D222A7B123E91312000E1075;
			productRefGroup = D222A7BB23E91312000E1075 /* Products */;
			projectDirPath = "";
			projectRoot = "";
			targets = (
				D222A7B923E91312000E1075 /* HW3 */,
			);
		};
/* End PBXProject section */

/* Begin PBXSourcesBuildPhase section */
		D222A7B623E91312000E1075 /* Sources */ = {
			isa = PBXSourcesBuildPhase;
			buildActionMask = 2147483647;
			files = (
				5D51D6A42420ACDB004E8020 /* Cube.cpp in Sources */,
				D2D457F72417241E008ED186 /* Robot.cpp in Sources */,
				D2D457CF241722B3008ED186 /* SOIL.c in Sources */,
				D2D457F82417241E008ED186 /* RobotArmy.cpp in Sources */,
				D2D457C024171E5E008ED186 /* Window.cpp in Sources */,
				D222A7DB23E9142D000E1075 /* PointCloud.cpp in Sources */,
				D2D4580C24173A71008ED186 /* Terrain.cpp in Sources */,
				D245A9842404BA4F00694F90 /* CubeMap.cpp in Sources */,
				D2D457F92417241E008ED186 /* Transform.cpp in Sources */,
				5D51D6A1242080DD004E8020 /* Cube.cpp in Sources */,
				D2D457CE241722B3008ED186 /* stb_image_aug.c in Sources */,
				D2D457D0241722B3008ED186 /* image_DXT.c in Sources */,
				D2D457FA2417241E008ED186 /* Node.cpp in Sources */,
				D2D457D1241722B3008ED186 /* image_helper.c in Sources */,
				D2D457FB2417241E008ED186 /* Geometry.cpp in Sources */,
				D222A7DC23E9142D000E1075 /* shader.cpp in Sources */,
				D222A7BE23E91312000E1075 /* main.cpp in Sources */,
			);
			runOnlyForDeploymentPostprocessing = 0;
		};
/* End PBXSourcesBuildPhase section */

/* Begin XCBuildConfiguration section */
		D222A7BF23E91312000E1075 /* Debug */ = {
			isa = XCBuildConfiguration;
			buildSettings = {
				ALWAYS_SEARCH_USER_PATHS = NO;
				CLANG_ANALYZER_NONNULL = YES;
				CLANG_ANALYZER_NUMBER_OBJECT_CONVERSION = YES_AGGRESSIVE;
				CLANG_CXX_LANGUAGE_STANDARD = "gnu++14";
				CLANG_CXX_LIBRARY = "libc++";
				CLANG_ENABLE_MODULES = YES;
				CLANG_ENABLE_OBJC_ARC = YES;
				CLANG_ENABLE_OBJC_WEAK = YES;
				CLANG_WARN_BLOCK_CAPTURE_AUTORELEASING = YES;
				CLANG_WARN_BOOL_CONVERSION = YES;
				CLANG_WARN_COMMA = YES;
				CLANG_WARN_CONSTANT_CONVERSION = YES;
				CLANG_WARN_DEPRECATED_OBJC_IMPLEMENTATIONS = YES;
				CLANG_WARN_DIRECT_OBJC_ISA_USAGE = YES_ERROR;
				CLANG_WARN_DOCUMENTATION_COMMENTS = YES;
				CLANG_WARN_EMPTY_BODY = YES;
				CLANG_WARN_ENUM_CONVERSION = YES;
				CLANG_WARN_INFINITE_RECURSION = YES;
				CLANG_WARN_INT_CONVERSION = YES;
				CLANG_WARN_NON_LITERAL_NULL_CONVERSION = YES;
				CLANG_WARN_OBJC_IMPLICIT_RETAIN_SELF = YES;
				CLANG_WARN_OBJC_LITERAL_CONVERSION = YES;
				CLANG_WARN_OBJC_ROOT_CLASS = YES_ERROR;
				CLANG_WARN_RANGE_LOOP_ANALYSIS = YES;
				CLANG_WARN_STRICT_PROTOTYPES = YES;
				CLANG_WARN_SUSPICIOUS_MOVE = YES;
				CLANG_WARN_UNGUARDED_AVAILABILITY = YES_AGGRESSIVE;
				CLANG_WARN_UNREACHABLE_CODE = YES;
				CLANG_WARN__DUPLICATE_METHOD_MATCH = YES;
				COPY_PHASE_STRIP = NO;
				DEBUG_INFORMATION_FORMAT = dwarf;
				ENABLE_STRICT_OBJC_MSGSEND = YES;
				ENABLE_TESTABILITY = YES;
				GCC_C_LANGUAGE_STANDARD = gnu11;
				GCC_DYNAMIC_NO_PIC = NO;
				GCC_NO_COMMON_BLOCKS = YES;
				GCC_OPTIMIZATION_LEVEL = 0;
				GCC_PREPROCESSOR_DEFINITIONS = (
					"DEBUG=1",
					"$(inherited)",
				);
				GCC_WARN_64_TO_32_BIT_CONVERSION = YES;
				GCC_WARN_ABOUT_RETURN_TYPE = YES_ERROR;
				GCC_WARN_UNDECLARED_SELECTOR = YES;
				GCC_WARN_UNINITIALIZED_AUTOS = YES_AGGRESSIVE;
				GCC_WARN_UNUSED_FUNCTION = YES;
				GCC_WARN_UNUSED_VARIABLE = YES;
				MACOSX_DEPLOYMENT_TARGET = 10.14;
				MTL_ENABLE_DEBUG_INFO = INCLUDE_SOURCE;
				MTL_FAST_MATH = YES;
				ONLY_ACTIVE_ARCH = YES;
				SDKROOT = macosx;
			};
			name = Debug;
		};
		D222A7C023E91312000E1075 /* Release */ = {
			isa = XCBuildConfiguration;
			buildSettings = {
				ALWAYS_SEARCH_USER_PATHS = NO;
				CLANG_ANALYZER_NONNULL = YES;
				CLANG_ANALYZER_NUMBER_OBJECT_CONVERSION = YES_AGGRESSIVE;
				CLANG_CXX_LANGUAGE_STANDARD = "gnu++14";
				CLANG_CXX_LIBRARY = "libc++";
				CLANG_ENABLE_MODULES = YES;
				CLANG_ENABLE_OBJC_ARC = YES;
				CLANG_ENABLE_OBJC_WEAK = YES;
				CLANG_WARN_BLOCK_CAPTURE_AUTORELEASING = YES;
				CLANG_WARN_BOOL_CONVERSION = YES;
				CLANG_WARN_COMMA = YES;
				CLANG_WARN_CONSTANT_CONVERSION = YES;
				CLANG_WARN_DEPRECATED_OBJC_IMPLEMENTATIONS = YES;
				CLANG_WARN_DIRECT_OBJC_ISA_USAGE = YES_ERROR;
				CLANG_WARN_DOCUMENTATION_COMMENTS = YES;
				CLANG_WARN_EMPTY_BODY = YES;
				CLANG_WARN_ENUM_CONVERSION = YES;
				CLANG_WARN_INFINITE_RECURSION = YES;
				CLANG_WARN_INT_CONVERSION = YES;
				CLANG_WARN_NON_LITERAL_NULL_CONVERSION = YES;
				CLANG_WARN_OBJC_IMPLICIT_RETAIN_SELF = YES;
				CLANG_WARN_OBJC_LITERAL_CONVERSION = YES;
				CLANG_WARN_OBJC_ROOT_CLASS = YES_ERROR;
				CLANG_WARN_RANGE_LOOP_ANALYSIS = YES;
				CLANG_WARN_STRICT_PROTOTYPES = YES;
				CLANG_WARN_SUSPICIOUS_MOVE = YES;
				CLANG_WARN_UNGUARDED_AVAILABILITY = YES_AGGRESSIVE;
				CLANG_WARN_UNREACHABLE_CODE = YES;
				CLANG_WARN__DUPLICATE_METHOD_MATCH = YES;
				COPY_PHASE_STRIP = NO;
				DEBUG_INFORMATION_FORMAT = "dwarf-with-dsym";
				ENABLE_NS_ASSERTIONS = NO;
				ENABLE_STRICT_OBJC_MSGSEND = YES;
				GCC_C_LANGUAGE_STANDARD = gnu11;
				GCC_NO_COMMON_BLOCKS = YES;
				GCC_WARN_64_TO_32_BIT_CONVERSION = YES;
				GCC_WARN_ABOUT_RETURN_TYPE = YES_ERROR;
				GCC_WARN_UNDECLARED_SELECTOR = YES;
				GCC_WARN_UNINITIALIZED_AUTOS = YES_AGGRESSIVE;
				GCC_WARN_UNUSED_FUNCTION = YES;
				GCC_WARN_UNUSED_VARIABLE = YES;
				MACOSX_DEPLOYMENT_TARGET = 10.14;
				MTL_ENABLE_DEBUG_INFO = NO;
				MTL_FAST_MATH = YES;
				SDKROOT = macosx;
			};
			name = Release;
		};
		D222A7C223E91312000E1075 /* Debug */ = {
			isa = XCBuildConfiguration;
			buildSettings = {
				CODE_SIGN_STYLE = Automatic;
				HEADER_SEARCH_PATHS = /usr/local/include;
				LIBRARY_SEARCH_PATHS = (
					"$(inherited)",
					/usr/local/lib,
				);
				PRODUCT_NAME = "$(TARGET_NAME)";
			};
			name = Debug;
		};
		D222A7C323E91312000E1075 /* Release */ = {
			isa = XCBuildConfiguration;
			buildSettings = {
				CODE_SIGN_STYLE = Automatic;
				HEADER_SEARCH_PATHS = /usr/local/include;
				LIBRARY_SEARCH_PATHS = (
					"$(inherited)",
					/usr/local/lib,
				);
				PRODUCT_NAME = "$(TARGET_NAME)";
			};
			name = Release;
		};
/* End XCBuildConfiguration section */

/* Begin XCConfigurationList section */
		D222A7B523E91312000E1075 /* Build configuration list for PBXProject "167Project" */ = {
			isa = XCConfigurationList;
			buildConfigurations = (
				D222A7BF23E91312000E1075 /* Debug */,
				D222A7C023E91312000E1075 /* Release */,
			);
			defaultConfigurationIsVisible = 0;
			defaultConfigurationName = Release;
		};
		D222A7C123E91312000E1075 /* Build configuration list for PBXNativeTarget "HW3" */ = {
			isa = XCConfigurationList;
			buildConfigurations = (
				D222A7C223E91312000E1075 /* Debug */,
				D222A7C323E91312000E1075 /* Release */,
			);
			defaultConfigurationIsVisible = 0;
			defaultConfigurationName = Release;
		};
/* End XCConfigurationList section */
	};
	rootObject = D222A7B223E91312000E1075 /* Project object */;
}
